
Microsoft Visual Studio Solution File, Format Version 12.00
# Visual Studio Version 17
VisualStudioVersion = 17.5.002.0
MinimumVisualStudioVersion = 10.0.40219.1
Project("{9A19103F-16F7-4668-BE54-9A1E7A4F7556}") = "decent", "decent\decent.csproj", "{B39E97DF-2B29-420A-A860-4647E96DE4BF}"
EndProject
Global
	GlobalSection(SolutionConfigurationPlatforms) = preSolution
		Debug|Any CPU = Debug|Any CPU
		Release|Any CPU = Release|Any CPU
	EndGlobalSection
	GlobalSection(ProjectConfigurationPlatforms) = postSolution
		{B39E97DF-2B29-420A-A860-4647E96DE4BF}.Debug|Any CPU.ActiveCfg = Debug|Any CPU
		{B39E97DF-2B29-420A-A860-4647E96DE4BF}.Debug|Any CPU.Build.0 = Debug|Any CPU
		{B39E97DF-2B29-420A-A860-4647E96DE4BF}.Release|Any CPU.ActiveCfg = Release|Any CPU
		{B39E97DF-2B29-420A-A860-4647E96DE4BF}.Release|Any CPU.Build.0 = Release|Any CPU
	EndGlobalSection
	GlobalSection(SolutionProperties) = preSolution
		HideSolutionNode = FALSE
	EndGlobalSection
	GlobalSection(ExtensibilityGlobals) = postSolution
		SolutionGuid = {B08E7AE5-3FAF-4D96-8188-DB96D277AF8A}
	EndGlobalSection
EndGlobal
